
Microsoft Visual Studio Solution File, Format Version 12.00
# Visual Studio Version 17
VisualStudioVersion = 17.3.32819.101
MinimumVisualStudioVersion = 10.0.40219.1
Project("{FAE04EC0-301F-11D3-BF4B-00C04F79EFBC}") = "Project2", "Project2\Project2.csproj", "{60E2ED23-1F09-44D6-9416-4986A5EB1CC0}"
EndProject
Global
	GlobalSection(SolutionConfigurationPlatforms) = preSolution
		Debug|Any CPU = Debug|Any CPU
		Release|Any CPU = Release|Any CPU
	EndGlobalSection
	GlobalSection(ProjectConfigurationPlatforms) = postSolution
		{60E2ED23-1F09-44D6-9416-4986A5EB1CC0}.Debug|Any CPU.ActiveCfg = Debug|Any CPU
		{60E2ED23-1F09-44D6-9416-4986A5EB1CC0}.Debug|Any CPU.Build.0 = Debug|Any CPU
		{60E2ED23-1F09-44D6-9416-4986A5EB1CC0}.Release|Any CPU.ActiveCfg = Release|Any CPU
		{60E2ED23-1F09-44D6-9416-4986A5EB1CC0}.Release|Any CPU.Build.0 = Release|Any CPU
	EndGlobalSection
	GlobalSection(SolutionProperties) = preSolution
		HideSolutionNode = FALSE
	EndGlobalSection
	GlobalSection(ExtensibilityGlobals) = postSolution
		SolutionGuid = {BDAB395C-9191-4D54-9493-6C2187B7303B}
	EndGlobalSection
EndGlobal
